// !$*UTF8*$!
{
	archiveVersion = 1;
	classes = {
	};
	objectVersion = 50;
	objects = {

/* Begin PBXBuildFile section */
		662283D7220BEB88007687CA /* Window_ShopperTests.swift in Sources */ = {isa = PBXBuildFile; fileRef = 662283D6220BEB88007687CA /* Window_ShopperTests.swift */; };
		662283E0220BEBCD007687CA /* Wage.swift in Sources */ = {isa = PBXBuildFile; fileRef = 662283DF220BEBCD007687CA /* Wage.swift */; };
		662283E1220BEEBA007687CA /* Wage.swift in Sources */ = {isa = PBXBuildFile; fileRef = 662283DF220BEBCD007687CA /* Wage.swift */; };
		66CF3CF722040AB100D1DBCF /* AppDelegate.swift in Sources */ = {isa = PBXBuildFile; fileRef = 66CF3CF622040AB100D1DBCF /* AppDelegate.swift */; };
		66CF3CF922040AB100D1DBCF /* MainVC.swift in Sources */ = {isa = PBXBuildFile; fileRef = 66CF3CF822040AB100D1DBCF /* MainVC.swift */; };
		66CF3CFC22040AB100D1DBCF /* Main.storyboard in Resources */ = {isa = PBXBuildFile; fileRef = 66CF3CFA22040AB100D1DBCF /* Main.storyboard */; };
		66CF3CFE22040AB200D1DBCF /* Assets.xcassets in Resources */ = {isa = PBXBuildFile; fileRef = 66CF3CFD22040AB200D1DBCF /* Assets.xcassets */; };
		66CF3D0122040AB200D1DBCF /* LaunchScreen.storyboard in Resources */ = {isa = PBXBuildFile; fileRef = 66CF3CFF22040AB200D1DBCF /* LaunchScreen.storyboard */; };
		66CF3D0B22040CDC00D1DBCF /* CurrencyTxtField.swift in Sources */ = {isa = PBXBuildFile; fileRef = 66CF3D0A22040CDC00D1DBCF /* CurrencyTxtField.swift */; };
/* End PBXBuildFile section */

/* Begin PBXContainerItemProxy section */
		662283D9220BEB88007687CA /* PBXContainerItemProxy */ = {
			isa = PBXContainerItemProxy;
			containerPortal = 66CF3CEB22040AB100D1DBCF /* Project object */;
			proxyType = 1;
			remoteGlobalIDString = 66CF3CF222040AB100D1DBCF;
			remoteInfo = "Window-Shopper";
		};
/* End PBXContainerItemProxy section */

/* Begin PBXFileReference section */
		662283D4220BEB88007687CA /* Window-ShopperTests.xctest */ = {isa = PBXFileReference; explicitFileType = wrapper.cfbundle; includeInIndex = 0; path = "Window-ShopperTests.xctest"; sourceTree = BUILT_PRODUCTS_DIR; };
		662283D6220BEB88007687CA /* Window_ShopperTests.swift */ = {isa = PBXFileReference; lastKnownFileType = sourcecode.swift; path = Window_ShopperTests.swift; sourceTree = "<group>"; };
		662283D8220BEB88007687CA /* Info.plist */ = {isa = PBXFileReference; lastKnownFileType = text.plist.xml; path = Info.plist; sourceTree = "<group>"; };
		662283DF220BEBCD007687CA /* Wage.swift */ = {isa = PBXFileReference; lastKnownFileType = sourcecode.swift; path = Wage.swift; sourceTree = "<group>"; };
		66CF3CF322040AB100D1DBCF /* Window-Shopper.app */ = {isa = PBXFileReference; explicitFileType = wrapper.application; includeInIndex = 0; path = "Window-Shopper.app"; sourceTree = BUILT_PRODUCTS_DIR; };
		66CF3CF622040AB100D1DBCF /* AppDelegate.swift */ = {isa = PBXFileReference; lastKnownFileType = sourcecode.swift; path = AppDelegate.swift; sourceTree = "<group>"; };
		66CF3CF822040AB100D1DBCF /* MainVC.swift */ = {isa = PBXFileReference; lastKnownFileType = sourcecode.swift; path = MainVC.swift; sourceTree = "<group>"; };
		66CF3CFB22040AB100D1DBCF /* Base */ = {isa = PBXFileReference; lastKnownFileType = file.storyboard; name = Base; path = Base.lproj/Main.storyboard; sourceTree = "<group>"; };
		66CF3CFD22040AB200D1DBCF /* Assets.xcassets */ = {isa = PBXFileReference; lastKnownFileType = folder.assetcatalog; path = Assets.xcassets; sourceTree = "<group>"; };
		66CF3D0022040AB200D1DBCF /* Base */ = {isa = PBXFileReference; lastKnownFileType = file.storyboard; name = Base; path = Base.lproj/LaunchScreen.storyboard; sourceTree = "<group>"; };
		66CF3D0222040AB200D1DBCF /* Info.plist */ = {isa = PBXFileReference; lastKnownFileType = text.plist.xml; path = Info.plist; sourceTree = "<group>"; };
		66CF3D0A22040CDC00D1DBCF /* CurrencyTxtField.swift */ = {isa = PBXFileReference; lastKnownFileType = sourcecode.swift; path = CurrencyTxtField.swift; sourceTree = "<group>"; };
/* End PBXFileReference section */

/* Begin PBXFrameworksBuildPhase section */
		662283D1220BEB88007687CA /* Frameworks */ = {
			isa = PBXFrameworksBuildPhase;
			buildActionMask = 2147483647;
			files = (
			);
			runOnlyForDeploymentPostprocessing = 0;
		};
		66CF3CF022040AB100D1DBCF /* Frameworks */ = {
			isa = PBXFrameworksBuildPhase;
			buildActionMask = 2147483647;
			files = (
			);
			runOnlyForDeploymentPostprocessing = 0;
		};
/* End PBXFrameworksBuildPhase section */

/* Begin PBXGroup section */
		662283D5220BEB88007687CA /* Window-ShopperTests */ = {
			isa = PBXGroup;
			children = (
				662283D6220BEB88007687CA /* Window_ShopperTests.swift */,
				662283D8220BEB88007687CA /* Info.plist */,
			);
			path = "Window-ShopperTests";
			sourceTree = "<group>";
		};
		662283DE220BEBAB007687CA /* Model */ = {
			isa = PBXGroup;
			children = (
				662283DF220BEBCD007687CA /* Wage.swift */,
			);
			path = Model;
			sourceTree = "<group>";
		};
		66CF3CEA22040AB100D1DBCF = {
			isa = PBXGroup;
			children = (
				66CF3CF522040AB100D1DBCF /* Window-Shopper */,
				662283D5220BEB88007687CA /* Window-ShopperTests */,
				66CF3CF422040AB100D1DBCF /* Products */,
			);
			sourceTree = "<group>";
		};
		66CF3CF422040AB100D1DBCF /* Products */ = {
			isa = PBXGroup;
			children = (
				66CF3CF322040AB100D1DBCF /* Window-Shopper.app */,
				662283D4220BEB88007687CA /* Window-ShopperTests.xctest */,
			);
			name = Products;
			sourceTree = "<group>";
		};
		66CF3CF522040AB100D1DBCF /* Window-Shopper */ = {
			isa = PBXGroup;
			children = (
				662283DE220BEBAB007687CA /* Model */,
				66CF3D0922040CAE00D1DBCF /* Views */,
				66CF3D0822040B5E00D1DBCF /* Controller */,
				66CF3CF622040AB100D1DBCF /* AppDelegate.swift */,
				66CF3CFA22040AB100D1DBCF /* Main.storyboard */,
				66CF3CFD22040AB200D1DBCF /* Assets.xcassets */,
				66CF3CFF22040AB200D1DBCF /* LaunchScreen.storyboard */,
				66CF3D0222040AB200D1DBCF /* Info.plist */,
			);
			path = "Window-Shopper";
			sourceTree = "<group>";
		};
		66CF3D0822040B5E00D1DBCF /* Controller */ = {
			isa = PBXGroup;
			children = (
				66CF3CF822040AB100D1DBCF /* MainVC.swift */,
			);
			path = Controller;
			sourceTree = "<group>";
		};
		66CF3D0922040CAE00D1DBCF /* Views */ = {
			isa = PBXGroup;
			children = (
				66CF3D0A22040CDC00D1DBCF /* CurrencyTxtField.swift */,
			);
			path = Views;
			sourceTree = "<group>";
		};
/* End PBXGroup section */

/* Begin PBXNativeTarget section */
		662283D3220BEB88007687CA /* Window-ShopperTests */ = {
			isa = PBXNativeTarget;
			buildConfigurationList = 662283DD220BEB88007687CA /* Build configuration list for PBXNativeTarget "Window-ShopperTests" */;
			buildPhases = (
				662283D0220BEB88007687CA /* Sources */,
				662283D1220BEB88007687CA /* Frameworks */,
				662283D2220BEB88007687CA /* Resources */,
			);
			buildRules = (
			);
			dependencies = (
				662283DA220BEB88007687CA /* PBXTargetDependency */,
			);
			name = "Window-ShopperTests";
			productName = "Window-ShopperTests";
			productReference = 662283D4220BEB88007687CA /* Window-ShopperTests.xctest */;
			productType = "com.apple.product-type.bundle.unit-test";
		};
		66CF3CF222040AB100D1DBCF /* Window-Shopper */ = {
			isa = PBXNativeTarget;
			buildConfigurationList = 66CF3D0522040AB200D1DBCF /* Build configuration list for PBXNativeTarget "Window-Shopper" */;
			buildPhases = (
				66CF3CEF22040AB100D1DBCF /* Sources */,
				66CF3CF022040AB100D1DBCF /* Frameworks */,
				66CF3CF122040AB100D1DBCF /* Resources */,
			);
			buildRules = (
			);
			dependencies = (
			);
			name = "Window-Shopper";
			productName = "Window-Shopper";
			productReference = 66CF3CF322040AB100D1DBCF /* Window-Shopper.app */;
			productType = "com.apple.product-type.application";
		};
/* End PBXNativeTarget section */

/* Begin PBXProject section */
		66CF3CEB22040AB100D1DBCF /* Project object */ = {
			isa = PBXProject;
			attributes = {
				LastSwiftUpdateCheck = 1010;
				LastUpgradeCheck = 1010;
				ORGANIZATIONNAME = "OneOrangeTree LLC";
				TargetAttributes = {
					662283D3220BEB88007687CA = {
						CreatedOnToolsVersion = 10.1;
						TestTargetID = 66CF3CF222040AB100D1DBCF;
					};
					66CF3CF222040AB100D1DBCF = {
						CreatedOnToolsVersion = 10.1;
					};
				};
			};
			buildConfigurationList = 66CF3CEE22040AB100D1DBCF /* Build configuration list for PBXProject "Window-Shopper" */;
			compatibilityVersion = "Xcode 9.3";
			developmentRegion = en;
			hasScannedForEncodings = 0;
			knownRegions = (
				en,
				Base,
			);
			mainGroup = 66CF3CEA22040AB100D1DBCF;
			productRefGroup = 66CF3CF422040AB100D1DBCF /* Products */;
			projectDirPath = "";
			projectRoot = "";
			targets = (
				66CF3CF222040AB100D1DBCF /* Window-Shopper */,
				662283D3220BEB88007687CA /* Window-ShopperTests */,
			);
		};
/* End PBXProject section */

/* Begin PBXResourcesBuildPhase section */
		662283D2220BEB88007687CA /* Resources */ = {
			isa = PBXResourcesBuildPhase;
			buildActionMask = 2147483647;
			files = (
			);
			runOnlyForDeploymentPostprocessing = 0;
		};
		66CF3CF122040AB100D1DBCF /* Resources */ = {
			isa = PBXResourcesBuildPhase;
			buildActionMask = 2147483647;
			files = (
				66CF3D0122040AB200D1DBCF /* LaunchScreen.storyboard in Resources */,
				66CF3CFE22040AB200D1DBCF /* Assets.xcassets in Resources */,
				66CF3CFC22040AB100D1DBCF /* Main.storyboard in Resources */,
			);
			runOnlyForDeploymentPostprocessing = 0;
		};
/* End PBXResourcesBuildPhase section */

/* Begin PBXSourcesBuildPhase section */
		662283D0220BEB88007687CA /* Sources */ = {
			isa = PBXSourcesBuildPhase;
			buildActionMask = 2147483647;
			files = (
				662283D7220BEB88007687CA /* Window_ShopperTests.swift in Sources */,
				662283E1220BEEBA007687CA /* Wage.swift in Sources */,
			);
			runOnlyForDeploymentPostprocessing = 0;
		};
		66CF3CEF22040AB100D1DBCF /* Sources */ = {
			isa = PBXSourcesBuildPhase;
			buildActionMask = 2147483647;
			files = (
				66CF3D0B22040CDC00D1DBCF /* CurrencyTxtField.swift in Sources */,
				662283E0220BEBCD007687CA /* Wage.swift in Sources */,
				66CF3CF922040AB100D1DBCF /* MainVC.swift in Sources */,
				66CF3CF722040AB100D1DBCF /* AppDelegate.swift in Sources */,
			);
			runOnlyForDeploymentPostprocessing = 0;
		};
/* End PBXSourcesBuildPhase section */

/* Begin PBXTargetDependency section */
		662283DA220BEB88007687CA /* PBXTargetDependency */ = {
			isa = PBXTargetDependency;
			target = 66CF3CF222040AB100D1DBCF /* Window-Shopper */;
			targetProxy = 662283D9220BEB88007687CA /* PBXContainerItemProxy */;
		};
/* End PBXTargetDependency section */

/* Begin PBXVariantGroup section */
		66CF3CFA22040AB100D1DBCF /* Main.storyboard */ = {
			isa = PBXVariantGroup;
			children = (
				66CF3CFB22040AB100D1DBCF /* Base */,
			);
			name = Main.storyboard;
			sourceTree = "<group>";
		};
		66CF3CFF22040AB200D1DBCF /* LaunchScreen.storyboard */ = {
			isa = PBXVariantGroup;
			children = (
				66CF3D0022040AB200D1DBCF /* Base */,
			);
			name = LaunchScreen.storyboard;
			sourceTree = "<group>";
		};
/* End PBXVariantGroup section */

/* Begin XCBuildConfiguration section */
		662283DB220BEB88007687CA /* Debug */ = {
			isa = XCBuildConfiguration;
			buildSettings = {
				BUNDLE_LOADER = "$(TEST_HOST)";
				CODE_SIGN_STYLE = Automatic;
				DEVELOPMENT_TEAM = H4R66KW2PW;
				INFOPLIST_FILE = "Window-ShopperTests/Info.plist";
				LD_RUNPATH_SEARCH_PATHS = (
					"$(inherited)",
					"@executable_path/Frameworks",
					"@loader_path/Frameworks",
				);
				PRODUCT_BUNDLE_IDENTIFIER = "com.oneorangetree.Window-ShopperTests";
				PRODUCT_NAME = "$(TARGET_NAME)";
				SWIFT_VERSION = 4.2;
				TARGETED_DEVICE_FAMILY = "1,2";
				TEST_HOST = "$(BUILT_PRODUCTS_DIR)/Window-Shopper.app/Window-Shopper";
			};
			name = Debug;
		};
		662283DC220BEB88007687CA /* Release */ = {
			isa = XCBuildConfiguration;
			buildSettings = {
				BUNDLE_LOADER = "$(TEST_HOST)";
				CODE_SIGN_STYLE = Automatic;
				DEVELOPMENT_TEAM = H4R66KW2PW;
				INFOPLIST_FILE = "Window-ShopperTests/Info.plist";
				LD_RUNPATH_SEARCH_PATHS = (
					"$(inherited)",
					"@executable_path/Frameworks",
					"@loader_path/Frameworks",
				);
				PRODUCT_BUNDLE_IDENTIFIER = "com.oneorangetree.Window-ShopperTests";
				PRODUCT_NAME = "$(TARGET_NAME)";
				SWIFT_VERSION = 4.2;
				TARGETED_DEVICE_FAMILY = "1,2";
				TEST_HOST = "$(BUILT_PRODUCTS_DIR)/Window-Shopper.app/Window-Shopper";
			};
			name = Release;
		};
		66CF3D0322040AB200D1DBCF /* Debug */ = {
			isa = XCBuildConfiguration;
			buildSettings = {
				ALWAYS_SEARCH_USER_PATHS = NO;
				CLANG_ANALYZER_NONNULL = YES;
				CLANG_ANALYZER_NUMBER_OBJECT_CONVERSION = YES_AGGRESSIVE;
				CLANG_CXX_LANGUAGE_STANDARD = "gnu++14";
				CLANG_CXX_LIBRARY = "libc++";
				CLANG_ENABLE_MODULES = YES;
				CLANG_ENABLE_OBJC_ARC = YES;
				CLANG_ENABLE_OBJC_WEAK = YES;
				CLANG_WARN_BLOCK_CAPTURE_AUTORELEASING = YES;
				CLANG_WARN_BOOL_CONVERSION = YES;
				CLANG_WARN_COMMA = YES;
				CLANG_WARN_CONSTANT_CONVERSION = YES;
				CLANG_WARN_DEPRECATED_OBJC_IMPLEMENTATIONS = YES;
				CLANG_WARN_DIRECT_OBJC_ISA_USAGE = YES_ERROR;
				CLANG_WARN_DOCUMENTATION_COMMENTS = YES;
				CLANG_WARN_EMPTY_BODY = YES;
				CLANG_WARN_ENUM_CONVERSION = YES;
				CLANG_WARN_INFINITE_RECURSION = YES;
				CLANG_WARN_INT_CONVERSION = YES;
				CLANG_WARN_NON_LITERAL_NULL_CONVERSION = YES;
				CLANG_WARN_OBJC_IMPLICIT_RETAIN_SELF = YES;
				CLANG_WARN_OBJC_LITERAL_CONVERSION = YES;
				CLANG_WARN_OBJC_ROOT_CLASS = YES_ERROR;
				CLANG_WARN_RANGE_LOOP_ANALYSIS = YES;
				CLANG_WARN_STRICT_PROTOTYPES = YES;
				CLANG_WARN_SUSPICIOUS_MOVE = YES;
				CLANG_WARN_UNGUARDED_AVAILABILITY = YES_AGGRESSIVE;
				CLANG_WARN_UNREACHABLE_CODE = YES;
				CLANG_WARN__DUPLICATE_METHOD_MATCH = YES;
				CODE_SIGN_IDENTITY = "iPhone Developer";
				COPY_PHASE_STRIP = NO;
				DEBUG_INFORMATION_FORMAT = dwarf;
				ENABLE_STRICT_OBJC_MSGSEND = YES;
				ENABLE_TESTABILITY = YES;
				GCC_C_LANGUAGE_STANDARD = gnu11;
				GCC_DYNAMIC_NO_PIC = NO;
				GCC_NO_COMMON_BLOCKS = YES;
				GCC_OPTIMIZATION_LEVEL = 0;
				GCC_PREPROCESSOR_DEFINITIONS = (
					"DEBUG=1",
					"$(inherited)",
				);
				GCC_WARN_64_TO_32_BIT_CONVERSION = YES;
				GCC_WARN_ABOUT_RETURN_TYPE = YES_ERROR;
				GCC_WARN_UNDECLARED_SELECTOR = YES;
				GCC_WARN_UNINITIALIZED_AUTOS = YES_AGGRESSIVE;
				GCC_WARN_UNUSED_FUNCTION = YES;
				GCC_WARN_UNUSED_VARIABLE = YES;
				IPHONEOS_DEPLOYMENT_TARGET = 12.1;
				MTL_ENABLE_DEBUG_INFO = INCLUDE_SOURCE;
				MTL_FAST_MATH = YES;
				ONLY_ACTIVE_ARCH = YES;
				SDKROOT = iphoneos;
				SWIFT_ACTIVE_COMPILATION_CONDITIONS = DEBUG;
				SWIFT_OPTIMIZATION_LEVEL = "-Onone";
			};
			name = Debug;
		};
		66CF3D0422040AB200D1DBCF /* Release */ = {
			isa = XCBuildConfiguration;
			buildSettings = {
				ALWAYS_SEARCH_USER_PATHS = NO;
				CLANG_ANALYZER_NONNULL = YES;
				CLANG_ANALYZER_NUMBER_OBJECT_CONVERSION = YES_AGGRESSIVE;
				CLANG_CXX_LANGUAGE_STANDARD = "gnu++14";
				CLANG_CXX_LIBRARY = "libc++";
				CLANG_ENABLE_MODULES = YES;
				CLANG_ENABLE_OBJC_ARC = YES;
				CLANG_ENABLE_OBJC_WEAK = YES;
				CLANG_WARN_BLOCK_CAPTURE_AUTORELEASING = YES;
				CLANG_WARN_BOOL_CONVERSION = YES;
				CLANG_WARN_COMMA = YES;
				CLANG_WARN_CONSTANT_CONVERSION = YES;
				CLANG_WARN_DEPRECATED_OBJC_IMPLEMENTATIONS = YES;
				CLANG_WARN_DIRECT_OBJC_ISA_USAGE = YES_ERROR;
				CLANG_WARN_DOCUMENTATION_COMMENTS = YES;
				CLANG_WARN_EMPTY_BODY = YES;
				CLANG_WARN_ENUM_CONVERSION = YES;
				CLANG_WARN_INFINITE_RECURSION = YES;
				CLANG_WARN_INT_CONVERSION = YES;
				CLANG_WARN_NON_LITERAL_NULL_CONVERSION = YES;
				CLANG_WARN_OBJC_IMPLICIT_RETAIN_SELF = YES;
				CLANG_WARN_OBJC_LITERAL_CONVERSION = YES;
				CLANG_WARN_OBJC_ROOT_CLASS = YES_ERROR;
				CLANG_WARN_RANGE_LOOP_ANALYSIS = YES;
				CLANG_WARN_STRICT_PROTOTYPES = YES;
				CLANG_WARN_SUSPICIOUS_MOVE = YES;
				CLANG_WARN_UNGUARDED_AVAILABILITY = YES_AGGRESSIVE;
				CLANG_WARN_UNREACHABLE_CODE = YES;
				CLANG_WARN__DUPLICATE_METHOD_MATCH = YES;
				CODE_SIGN_IDENTITY = "iPhone Developer";
				COPY_PHASE_STRIP = NO;
				DEBUG_INFORMATION_FORMAT = "dwarf-with-dsym";
				ENABLE_NS_ASSERTIONS = NO;
				ENABLE_STRICT_OBJC_MSGSEND = YES;
				GCC_C_LANGUAGE_STANDARD = gnu11;
				GCC_NO_COMMON_BLOCKS = YES;
				GCC_WARN_64_TO_32_BIT_CONVERSION = YES;
				GCC_WARN_ABOUT_RETURN_TYPE = YES_ERROR;
				GCC_WARN_UNDECLARED_SELECTOR = YES;
				GCC_WARN_UNINITIALIZED_AUTOS = YES_AGGRESSIVE;
				GCC_WARN_UNUSED_FUNCTION = YES;
				GCC_WARN_UNUSED_VARIABLE = YES;
				IPHONEOS_DEPLOYMENT_TARGET = 12.1;
				MTL_ENABLE_DEBUG_INFO = NO;
				MTL_FAST_MATH = YES;
				SDKROOT = iphoneos;
				SWIFT_COMPILATION_MODE = wholemodule;
				SWIFT_OPTIMIZATION_LEVEL = "-O";
				VALIDATE_PRODUCT = YES;
			};
			name = Release;
		};
		66CF3D0622040AB200D1DBCF /* Debug */ = {
			isa = XCBuildConfiguration;
			buildSettings = {
				ASSETCATALOG_COMPILER_APPICON_NAME = AppIcon;
				CODE_SIGN_STYLE = Automatic;
				DEVELOPMENT_TEAM = H4R66KW2PW;
				INFOPLIST_FILE = "Window-Shopper/Info.plist";
				LD_RUNPATH_SEARCH_PATHS = (
					"$(inherited)",
					"@executable_path/Frameworks",
				);
				PRODUCT_BUNDLE_IDENTIFIER = "com.oneorangetree.Window-Shopper";
				PRODUCT_NAME = "$(TARGET_NAME)";
				SWIFT_VERSION = 4.2;
				TARGETED_DEVICE_FAMILY = "1,2";
			};
			name = Debug;
		};
		66CF3D0722040AB200D1DBCF /* Release */ = {
			isa = XCBuildConfiguration;
			buildSettings = {
				ASSETCATALOG_COMPILER_APPICON_NAME = AppIcon;
				CODE_SIGN_STYLE = Automatic;
				DEVELOPMENT_TEAM = H4R66KW2PW;
				INFOPLIST_FILE = "Window-Shopper/Info.plist";
				LD_RUNPATH_SEARCH_PATHS = (
					"$(inherited)",
					"@executable_path/Frameworks",
				);
				PRODUCT_BUNDLE_IDENTIFIER = "com.oneorangetree.Window-Shopper";
				PRODUCT_NAME = "$(TARGET_NAME)";
				SWIFT_VERSION = 4.2;
				TARGETED_DEVICE_FAMILY = "1,2";
			};
			name = Release;
		};
/* End XCBuildConfiguration section */

/* Begin XCConfigurationList section */
		662283DD220BEB88007687CA /* Build configuration list for PBXNativeTarget "Window-ShopperTests" */ = {
			isa = XCConfigurationList;
			buildConfigurations = (
				662283DB220BEB88007687CA /* Debug */,
				662283DC220BEB88007687CA /* Release */,
			);
			defaultConfigurationIsVisible = 0;
			defaultConfigurationName = Release;
		};
		66CF3CEE22040AB100D1DBCF /* Build configuration list for PBXProject "Window-Shopper" */ = {
			isa = XCConfigurationList;
			buildConfigurations = (
				66CF3D0322040AB200D1DBCF /* Debug */,
				66CF3D0422040AB200D1DBCF /* Release */,
			);
			defaultConfigurationIsVisible = 0;
			defaultConfigurationName = Release;
		};
		66CF3D0522040AB200D1DBCF /* Build configuration list for PBXNativeTarget "Window-Shopper" */ = {
			isa = XCConfigurationList;
			buildConfigurations = (
				66CF3D0622040AB200D1DBCF /* Debug */,
				66CF3D0722040AB200D1DBCF /* Release */,
			);
			defaultConfigurationIsVisible = 0;
			defaultConfigurationName = Release;
		};
/* End XCConfigurationList section */
	};
	rootObject = 66CF3CEB22040AB100D1DBCF /* Project object */;
}
